// !$*UTF8*$!
{
	archiveVersion = 1;
	classes = {
	};
	objectVersion = 48;
	objects = {

/* Begin PBXBuildFile section */
		C7D9AE952045A87000F88DEB /* AppDelegate.swift in Sources */ = {isa = PBXBuildFile; fileRef = C7D9AE942045A87000F88DEB /* AppDelegate.swift */; };
		C7D9AE972045A87000F88DEB /* ViewController.swift in Sources */ = {isa = PBXBuildFile; fileRef = C7D9AE962045A87000F88DEB /* ViewController.swift */; };
		C7D9AE9A2045A87000F88DEB /* Main.storyboard in Resources */ = {isa = PBXBuildFile; fileRef = C7D9AE982045A87000F88DEB /* Main.storyboard */; };
		C7D9AE9D2045A87000F88DEB /* InterviewApp.xcdatamodeld in Sources */ = {isa = PBXBuildFile; fileRef = C7D9AE9B2045A87000F88DEB /* InterviewApp.xcdatamodeld */; };
		C7D9AE9F2045A87000F88DEB /* Assets.xcassets in Resources */ = {isa = PBXBuildFile; fileRef = C7D9AE9E2045A87000F88DEB /* Assets.xcassets */; };
		C7D9AEA22045A87000F88DEB /* LaunchScreen.storyboard in Resources */ = {isa = PBXBuildFile; fileRef = C7D9AEA02045A87000F88DEB /* LaunchScreen.storyboard */; };
/* End PBXBuildFile section */

/* Begin PBXFileReference section */
		C7D9AE912045A87000F88DEB /* InterviewApp.app */ = {isa = PBXFileReference; explicitFileType = wrapper.application; includeInIndex = 0; path = InterviewApp.app; sourceTree = BUILT_PRODUCTS_DIR; };
		C7D9AE942045A87000F88DEB /* AppDelegate.swift */ = {isa = PBXFileReference; lastKnownFileType = sourcecode.swift; path = AppDelegate.swift; sourceTree = "<group>"; };
		C7D9AE962045A87000F88DEB /* ViewController.swift */ = {isa = PBXFileReference; lastKnownFileType = sourcecode.swift; path = ViewController.swift; sourceTree = "<group>"; };
		C7D9AE992045A87000F88DEB /* Base */ = {isa = PBXFileReference; lastKnownFileType = file.storyboard; name = Base; path = Base.lproj/Main.storyboard; sourceTree = "<group>"; };
		C7D9AE9C2045A87000F88DEB /* InterviewApp.xcdatamodel */ = {isa = PBXFileReference; lastKnownFileType = wrapper.xcdatamodel; path = InterviewApp.xcdatamodel; sourceTree = "<group>"; };
		C7D9AE9E2045A87000F88DEB /* Assets.xcassets */ = {isa = PBXFileReference; lastKnownFileType = folder.assetcatalog; path = Assets.xcassets; sourceTree = "<group>"; };
		C7D9AEA12045A87000F88DEB /* Base */ = {isa = PBXFileReference; lastKnownFileType = file.storyboard; name = Base; path = Base.lproj/LaunchScreen.storyboard; sourceTree = "<group>"; };
		C7D9AEA32045A87000F88DEB /* Info.plist */ = {isa = PBXFileReference; lastKnownFileType = text.plist.xml; path = Info.plist; sourceTree = "<group>"; };
/* End PBXFileReference section */

/* Begin PBXFrameworksBuildPhase section */
		C7D9AE8E2045A87000F88DEB /* Frameworks */ = {
			isa = PBXFrameworksBuildPhase;
			buildActionMask = 2147483647;
			files = (
			);
			runOnlyForDeploymentPostprocessing = 0;
		};
/* End PBXFrameworksBuildPhase section */

/* Begin PBXGroup section */
		C7D9AE882045A87000F88DEB = {
			isa = PBXGroup;
			children = (
				C7D9AE932045A87000F88DEB /* InterviewApp */,
				C7D9AE922045A87000F88DEB /* Products */,
			);
			sourceTree = "<group>";
		};
		C7D9AE922045A87000F88DEB /* Products */ = {
			isa = PBXGroup;
			children = (
				C7D9AE912045A87000F88DEB /* InterviewApp.app */,
			);
			name = Products;
			sourceTree = "<group>";
		};
		C7D9AE932045A87000F88DEB /* InterviewApp */ = {
			isa = PBXGroup;
			children = (
				C7D9AE942045A87000F88DEB /* AppDelegate.swift */,
				C7D9AE962045A87000F88DEB /* ViewController.swift */,
				C7D9AE982045A87000F88DEB /* Main.storyboard */,
				C7D9AE9E2045A87000F88DEB /* Assets.xcassets */,
				C7D9AEA02045A87000F88DEB /* LaunchScreen.storyboard */,
				C7D9AEA32045A87000F88DEB /* Info.plist */,
				C7D9AE9B2045A87000F88DEB /* InterviewApp.xcdatamodeld */,
			);
			path = InterviewApp;
			sourceTree = "<group>";
		};
/* End PBXGroup section */

/* Begin PBXNativeTarget section */
		C7D9AE902045A87000F88DEB /* InterviewApp */ = {
			isa = PBXNativeTarget;
			buildConfigurationList = C7D9AEA62045A87000F88DEB /* Build configuration list for PBXNativeTarget "InterviewApp" */;
			buildPhases = (
				C7D9AE8D2045A87000F88DEB /* Sources */,
				C7D9AE8E2045A87000F88DEB /* Frameworks */,
				C7D9AE8F2045A87000F88DEB /* Resources */,
			);
			buildRules = (
			);
			dependencies = (
			);
			name = InterviewApp;
			productName = InterviewApp;
			productReference = C7D9AE912045A87000F88DEB /* InterviewApp.app */;
			productType = "com.apple.product-type.application";
		};
/* End PBXNativeTarget section */

/* Begin PBXProject section */
		C7D9AE892045A87000F88DEB /* Project object */ = {
			isa = PBXProject;
			attributes = {
				LastSwiftUpdateCheck = 0920;
				LastUpgradeCheck = 0920;
				ORGANIZATIONNAME = "Cadis Mihai";
				TargetAttributes = {
					C7D9AE902045A87000F88DEB = {
						CreatedOnToolsVersion = 9.2;
						ProvisioningStyle = Automatic;
					};
				};
			};
			buildConfigurationList = C7D9AE8C2045A87000F88DEB /* Build configuration list for PBXProject "InterviewApp" */;
			compatibilityVersion = "Xcode 8.0";
			developmentRegion = en;
			hasScannedForEncodings = 0;
			knownRegions = (
				en,
				Base,
			);
			mainGroup = C7D9AE882045A87000F88DEB;
			productRefGroup = C7D9AE922045A87000F88DEB /* Products */;
			projectDirPath = "";
			projectRoot = "";
			targets = (
				C7D9AE902045A87000F88DEB /* InterviewApp */,
			);
		};
/* End PBXProject section */

/* Begin PBXResourcesBuildPhase section */
		C7D9AE8F2045A87000F88DEB /* Resources */ = {
			isa = PBXResourcesBuildPhase;
			buildActionMask = 2147483647;
			files = (
				C7D9AEA22045A87000F88DEB /* LaunchScreen.storyboard in Resources */,
				C7D9AE9F2045A87000F88DEB /* Assets.xcassets in Resources */,
				C7D9AE9A2045A87000F88DEB /* Main.storyboard in Resources */,
			);
			runOnlyForDeploymentPostprocessing = 0;
		};
/* End PBXResourcesBuildPhase section */

/* Begin PBXSourcesBuildPhase section */
		C7D9AE8D2045A87000F88DEB /* Sources */ = {
			isa = PBXSourcesBuildPhase;
			buildActionMask = 2147483647;
			files = (
				C7D9AE9D2045A87000F88DEB /* InterviewApp.xcdatamodeld in Sources */,
				C7D9AE972045A87000F88DEB /* ViewController.swift in Sources */,
				C7D9AE952045A87000F88DEB /* AppDelegate.swift in Sources */,
			);
			runOnlyForDeploymentPostprocessing = 0;
		};
/* End PBXSourcesBuildPhase section */

/* Begin PBXVariantGroup section */
		C7D9AE982045A87000F88DEB /* Main.storyboard */ = {
			isa = PBXVariantGroup;
			children = (
				C7D9AE992045A87000F88DEB /* Base */,
			);
			name = Main.storyboard;
			sourceTree = "<group>";
		};
		C7D9AEA02045A87000F88DEB /* LaunchScreen.storyboard */ = {
			isa = PBXVariantGroup;
			children = (
				C7D9AEA12045A87000F88DEB /* Base */,
			);
			name = LaunchScreen.storyboard;
			sourceTree = "<group>";
		};
/* End PBXVariantGroup section */

/* Begin XCBuildConfiguration section */
		C7D9AEA42045A87000F88DEB /* Debug */ = {
			isa = XCBuildConfiguration;
			buildSettings = {
				ALWAYS_SEARCH_USER_PATHS = NO;
				CLANG_ANALYZER_NONNULL = YES;
				CLANG_ANALYZER_NUMBER_OBJECT_CONVERSION = YES_AGGRESSIVE;
				CLANG_CXX_LANGUAGE_STANDARD = "gnu++14";
				CLANG_CXX_LIBRARY = "libc++";
				CLANG_ENABLE_MODULES = YES;
				CLANG_ENABLE_OBJC_ARC = YES;
				CLANG_WARN_BLOCK_CAPTURE_AUTORELEASING = YES;
				CLANG_WARN_BOOL_CONVERSION = YES;
				CLANG_WARN_COMMA = YES;
				CLANG_WARN_CONSTANT_CONVERSION = YES;
				CLANG_WARN_DIRECT_OBJC_ISA_USAGE = YES_ERROR;
				CLANG_WARN_DOCUMENTATION_COMMENTS = YES;
				CLANG_WARN_EMPTY_BODY = YES;
				CLANG_WARN_ENUM_CONVERSION = YES;
				CLANG_WARN_INFINITE_RECURSION = YES;
				CLANG_WARN_INT_CONVERSION = YES;
				CLANG_WARN_NON_LITERAL_NULL_CONVERSION = YES;
				CLANG_WARN_OBJC_LITERAL_CONVERSION = YES;
				CLANG_WARN_OBJC_ROOT_CLASS = YES_ERROR;
				CLANG_WARN_RANGE_LOOP_ANALYSIS = YES;
				CLANG_WARN_STRICT_PROTOTYPES = YES;
				CLANG_WARN_SUSPICIOUS_MOVE = YES;
				CLANG_WARN_UNGUARDED_AVAILABILITY = YES_AGGRESSIVE;
				CLANG_WARN_UNREACHABLE_CODE = YES;
				CLANG_WARN__DUPLICATE_METHOD_MATCH = YES;
				CODE_SIGN_IDENTITY = "iPhone Developer";
				COPY_PHASE_STRIP = NO;
				DEBUG_INFORMATION_FORMAT = dwarf;
				ENABLE_STRICT_OBJC_MSGSEND = YES;
				ENABLE_TESTABILITY = YES;
				GCC_C_LANGUAGE_STANDARD = gnu11;
				GCC_DYNAMIC_NO_PIC = NO;
				GCC_NO_COMMON_BLOCKS = YES;
				GCC_OPTIMIZATION_LEVEL = 0;
				GCC_PREPROCESSOR_DEFINITIONS = (
					"DEBUG=1",
					"$(inherited)",
				);
				GCC_WARN_64_TO_32_BIT_CONVERSION = YES;
				GCC_WARN_ABOUT_RETURN_TYPE = YES_ERROR;
				GCC_WARN_UNDECLARED_SELECTOR = YES;
				GCC_WARN_UNINITIALIZED_AUTOS = YES_AGGRESSIVE;
				GCC_WARN_UNUSED_FUNCTION = YES;
				GCC_WARN_UNUSED_VARIABLE = YES;
				IPHONEOS_DEPLOYMENT_TARGET = 11.2;
				MTL_ENABLE_DEBUG_INFO = YES;
				ONLY_ACTIVE_ARCH = YES;
				SDKROOT = iphoneos;
				SWIFT_ACTIVE_COMPILATION_CONDITIONS = DEBUG;
				SWIFT_OPTIMIZATION_LEVEL = "-Onone";
			};
			name = Debug;
		};
		C7D9AEA52045A87000F88DEB /* Release */ = {
			isa = XCBuildConfiguration;
			buildSettings = {
				ALWAYS_SEARCH_USER_PATHS = NO;
				CLANG_ANALYZER_NONNULL = YES;
				CLANG_ANALYZER_NUMBER_OBJECT_CONVERSION = YES_AGGRESSIVE;
				CLANG_CXX_LANGUAGE_STANDARD = "gnu++14";
				CLANG_CXX_LIBRARY = "libc++";
				CLANG_ENABLE_MODULES = YES;
				CLANG_ENABLE_OBJC_ARC = YES;
				CLANG_WARN_BLOCK_CAPTURE_AUTORELEASING = YES;
				CLANG_WARN_BOOL_CONVERSION = YES;
				CLANG_WARN_COMMA = YES;
				CLANG_WARN_CONSTANT_CONVERSION = YES;
				CLANG_WARN_DIRECT_OBJC_ISA_USAGE = YES_ERROR;
				CLANG_WARN_DOCUMENTATION_COMMENTS = YES;
				CLANG_WARN_EMPTY_BODY = YES;
				CLANG_WARN_ENUM_CONVERSION = YES;
				CLANG_WARN_INFINITE_RECURSION = YES;
				CLANG_WARN_INT_CONVERSION = YES;
				CLANG_WARN_NON_LITERAL_NULL_CONVERSION = YES;
				CLANG_WARN_OBJC_LITERAL_CONVERSION = YES;
				CLANG_WARN_OBJC_ROOT_CLASS = YES_ERROR;
				CLANG_WARN_RANGE_LOOP_ANALYSIS = YES;
				CLANG_WARN_STRICT_PROTOTYPES = YES;
				CLANG_WARN_SUSPICIOUS_MOVE = YES;
				CLANG_WARN_UNGUARDED_AVAILABILITY = YES_AGGRESSIVE;
				CLANG_WARN_UNREACHABLE_CODE = YES;
				CLANG_WARN__DUPLICATE_METHOD_MATCH = YES;
				CODE_SIGN_IDENTITY = "iPhone Developer";
				COPY_PHASE_STRIP = NO;
				DEBUG_INFORMATION_FORMAT = "dwarf-with-dsym";
				ENABLE_NS_ASSERTIONS = NO;
				ENABLE_STRICT_OBJC_MSGSEND = YES;
				GCC_C_LANGUAGE_STANDARD = gnu11;
				GCC_NO_COMMON_BLOCKS = YES;
				GCC_WARN_64_TO_32_BIT_CONVERSION = YES;
				GCC_WARN_ABOUT_RETURN_TYPE = YES_ERROR;
				GCC_WARN_UNDECLARED_SELECTOR = YES;
				GCC_WARN_UNINITIALIZED_AUTOS = YES_AGGRESSIVE;
				GCC_WARN_UNUSED_FUNCTION = YES;
				GCC_WARN_UNUSED_VARIABLE = YES;
				IPHONEOS_DEPLOYMENT_TARGET = 11.2;
				MTL_ENABLE_DEBUG_INFO = NO;
				SDKROOT = iphoneos;
				SWIFT_OPTIMIZATION_LEVEL = "-Owholemodule";
				VALIDATE_PRODUCT = YES;
			};
			name = Release;
		};
		C7D9AEA72045A87000F88DEB /* Debug */ = {
			isa = XCBuildConfiguration;
			buildSettings = {
				ASSETCATALOG_COMPILER_APPICON_NAME = AppIcon;
				CODE_SIGN_STYLE = Automatic;
				DEVELOPMENT_TEAM = VXK45GR75L;
				INFOPLIST_FILE = InterviewApp/Info.plist;
				LD_RUNPATH_SEARCH_PATHS = "$(inherited) @executable_path/Frameworks";
				PRODUCT_BUNDLE_IDENTIFIER = CadisMihai.InterviewApp;
				PRODUCT_NAME = "$(TARGET_NAME)";
				SWIFT_VERSION = 4.0;
				TARGETED_DEVICE_FAMILY = "1,2";
			};
			name = Debug;
		};
		C7D9AEA82045A87000F88DEB /* Release */ = {
			isa = XCBuildConfiguration;
			buildSettings = {
				ASSETCATALOG_COMPILER_APPICON_NAME = AppIcon;
				CODE_SIGN_STYLE = Automatic;
				DEVELOPMENT_TEAM = VXK45GR75L;
				INFOPLIST_FILE = InterviewApp/Info.plist;
				LD_RUNPATH_SEARCH_PATHS = "$(inherited) @executable_path/Frameworks";
				PRODUCT_BUNDLE_IDENTIFIER = CadisMihai.InterviewApp;
				PRODUCT_NAME = "$(TARGET_NAME)";
				SWIFT_VERSION = 4.0;
				TARGETED_DEVICE_FAMILY = "1,2";
			};
			name = Release;
		};
/* End XCBuildConfiguration section */

/* Begin XCConfigurationList section */
		C7D9AE8C2045A87000F88DEB /* Build configuration list for PBXProject "InterviewApp" */ = {
			isa = XCConfigurationList;
			buildConfigurations = (
				C7D9AEA42045A87000F88DEB /* Debug */,
				C7D9AEA52045A87000F88DEB /* Release */,
			);
			defaultConfigurationIsVisible = 0;
			defaultConfigurationName = Release;
		};
		C7D9AEA62045A87000F88DEB /* Build configuration list for PBXNativeTarget "InterviewApp" */ = {
			isa = XCConfigurationList;
			buildConfigurations = (
				C7D9AEA72045A87000F88DEB /* Debug */,
				C7D9AEA82045A87000F88DEB /* Release */,
			);
			defaultConfigurationIsVisible = 0;
			defaultConfigurationName = Release;
		};
/* End XCConfigurationList section */

/* Begin XCVersionGroup section */
		C7D9AE9B2045A87000F88DEB /* InterviewApp.xcdatamodeld */ = {
			isa = XCVersionGroup;
			children = (
				C7D9AE9C2045A87000F88DEB /* InterviewApp.xcdatamodel */,
			);
			currentVersion = C7D9AE9C2045A87000F88DEB /* InterviewApp.xcdatamodel */;
			path = InterviewApp.xcdatamodeld;
			sourceTree = "<group>";
			versionGroupType = wrapper.xcdatamodel;
		};
/* End XCVersionGroup section */
	};
	rootObject = C7D9AE892045A87000F88DEB /* Project object */;
}
